
Microsoft Visual Studio Solution File, Format Version 12.00
# Visual Studio Version 17
VisualStudioVersion = 17.0.31919.166
MinimumVisualStudioVersion = 10.0.40219.1
Project("{FAE04EC0-301F-11D3-BF4B-00C04F79EFBC}") = "hahaton", "hahaton\hahaton.csproj", "{1FBB8074-0699-4C9D-8735-5411E23132AA}"
EndProject
Global
	GlobalSection(SolutionConfigurationPlatforms) = preSolution
		Debug|Any CPU = Debug|Any CPU
		Release|Any CPU = Release|Any CPU
	EndGlobalSection
	GlobalSection(ProjectConfigurationPlatforms) = postSolution
		{1FBB8074-0699-4C9D-8735-5411E23132AA}.Debug|Any CPU.ActiveCfg = Debug|Any CPU
		{1FBB8074-0699-4C9D-8735-5411E23132AA}.Debug|Any CPU.Build.0 = Debug|Any CPU
		{1FBB8074-0699-4C9D-8735-5411E23132AA}.Release|Any CPU.ActiveCfg = Release|Any CPU
		{1FBB8074-0699-4C9D-8735-5411E23132AA}.Release|Any CPU.Build.0 = Release|Any CPU
	EndGlobalSection
	GlobalSection(SolutionProperties) = preSolution
		HideSolutionNode = FALSE
	EndGlobalSection
	GlobalSection(ExtensibilityGlobals) = postSolution
		SolutionGuid = {08D64A68-ADEA-4237-8256-3F65A64CB6FB}
	EndGlobalSection
EndGlobal
